
Microsoft Visual Studio Solution File, Format Version 12.00
# Visual Studio Version 17
VisualStudioVersion = 17.6.33829.357
MinimumVisualStudioVersion = 10.0.40219.1
Project("{FAE04EC0-301F-11D3-BF4B-00C04F79EFBC}") = "Console_Application", "Console_Application.csproj", "{895C3E84-4B60-4715-B902-491D3FCB38BD}"
EndProject
Global
	GlobalSection(SolutionConfigurationPlatforms) = preSolution
		Debug|Any CPU = Debug|Any CPU
		Release|Any CPU = Release|Any CPU
	EndGlobalSection
	GlobalSection(ProjectConfigurationPlatforms) = postSolution
		{895C3E84-4B60-4715-B902-491D3FCB38BD}.Debug|Any CPU.ActiveCfg = Debug|Any CPU
		{895C3E84-4B60-4715-B902-491D3FCB38BD}.Debug|Any CPU.Build.0 = Debug|Any CPU
		{895C3E84-4B60-4715-B902-491D3FCB38BD}.Release|Any CPU.ActiveCfg = Release|Any CPU
		{895C3E84-4B60-4715-B902-491D3FCB38BD}.Release|Any CPU.Build.0 = Release|Any CPU
	EndGlobalSection
	GlobalSection(SolutionProperties) = preSolution
		HideSolutionNode = FALSE
	EndGlobalSection
	GlobalSection(ExtensibilityGlobals) = postSolution
		SolutionGuid = {8115467E-3350-46CE-9466-2F0ED9FF365D}
	EndGlobalSection
EndGlobal
